// !$*UTF8*$!
{
	archiveVersion = 1;
	classes = {
	};
	objectVersion = 46;
	objects = {

/* Begin PBXBuildFile section */
		04D772821C449A3B0066F665 /* AppDelegate.swift in Sources */ = {isa = PBXBuildFile; fileRef = 04D772811C449A3B0066F665 /* AppDelegate.swift */; };
		04D772841C449A3B0066F665 /* ViewController.swift in Sources */ = {isa = PBXBuildFile; fileRef = 04D772831C449A3B0066F665 /* ViewController.swift */; };
		04D772871C449A3B0066F665 /* Main.storyboard in Resources */ = {isa = PBXBuildFile; fileRef = 04D772851C449A3B0066F665 /* Main.storyboard */; };
		04D7728A1C449A3B0066F665 /* XiaoJi__.xcdatamodeld in Sources */ = {isa = PBXBuildFile; fileRef = 04D772881C449A3B0066F665 /* XiaoJi__.xcdatamodeld */; };
		04D7728C1C449A3B0066F665 /* Assets.xcassets in Resources */ = {isa = PBXBuildFile; fileRef = 04D7728B1C449A3B0066F665 /* Assets.xcassets */; };
		04D7728F1C449A3B0066F665 /* LaunchScreen.storyboard in Resources */ = {isa = PBXBuildFile; fileRef = 04D7728D1C449A3B0066F665 /* LaunchScreen.storyboard */; };
/* End PBXBuildFile section */

/* Begin PBXFileReference section */
		04D7727E1C449A3B0066F665 /* XiaoJi小记.app */ = {isa = PBXFileReference; explicitFileType = wrapper.application; includeInIndex = 0; path = "XiaoJi小记.app"; sourceTree = BUILT_PRODUCTS_DIR; };
		04D772811C449A3B0066F665 /* AppDelegate.swift */ = {isa = PBXFileReference; lastKnownFileType = sourcecode.swift; path = AppDelegate.swift; sourceTree = "<group>"; };
		04D772831C449A3B0066F665 /* ViewController.swift */ = {isa = PBXFileReference; lastKnownFileType = sourcecode.swift; path = ViewController.swift; sourceTree = "<group>"; };
		04D772861C449A3B0066F665 /* Base */ = {isa = PBXFileReference; lastKnownFileType = file.storyboard; name = Base; path = Base.lproj/Main.storyboard; sourceTree = "<group>"; };
		04D772891C449A3B0066F665 /* XiaoJi__.xcdatamodel */ = {isa = PBXFileReference; lastKnownFileType = wrapper.xcdatamodel; path = XiaoJi__.xcdatamodel; sourceTree = "<group>"; };
		04D7728B1C449A3B0066F665 /* Assets.xcassets */ = {isa = PBXFileReference; lastKnownFileType = folder.assetcatalog; path = Assets.xcassets; sourceTree = "<group>"; };
		04D7728E1C449A3B0066F665 /* Base */ = {isa = PBXFileReference; lastKnownFileType = file.storyboard; name = Base; path = Base.lproj/LaunchScreen.storyboard; sourceTree = "<group>"; };
		04D772901C449A3B0066F665 /* Info.plist */ = {isa = PBXFileReference; lastKnownFileType = text.plist.xml; path = Info.plist; sourceTree = "<group>"; };
/* End PBXFileReference section */

/* Begin PBXFrameworksBuildPhase section */
		04D7727B1C449A3B0066F665 /* Frameworks */ = {
			isa = PBXFrameworksBuildPhase;
			buildActionMask = 2147483647;
			files = (
			);
			runOnlyForDeploymentPostprocessing = 0;
		};
/* End PBXFrameworksBuildPhase section */

/* Begin PBXGroup section */
		04D772751C449A3B0066F665 = {
			isa = PBXGroup;
			children = (
				04D772801C449A3B0066F665 /* XiaoJi小记 */,
				04D7727F1C449A3B0066F665 /* Products */,
			);
			sourceTree = "<group>";
		};
		04D7727F1C449A3B0066F665 /* Products */ = {
			isa = PBXGroup;
			children = (
				04D7727E1C449A3B0066F665 /* XiaoJi小记.app */,
			);
			name = Products;
			sourceTree = "<group>";
		};
		04D772801C449A3B0066F665 /* XiaoJi小记 */ = {
			isa = PBXGroup;
			children = (
				04D772811C449A3B0066F665 /* AppDelegate.swift */,
				04D772831C449A3B0066F665 /* ViewController.swift */,
				04D772851C449A3B0066F665 /* Main.storyboard */,
				04D7728B1C449A3B0066F665 /* Assets.xcassets */,
				04D7728D1C449A3B0066F665 /* LaunchScreen.storyboard */,
				04D772901C449A3B0066F665 /* Info.plist */,
				04D772881C449A3B0066F665 /* XiaoJi__.xcdatamodeld */,
			);
			path = "XiaoJi小记";
			sourceTree = "<group>";
		};
/* End PBXGroup section */

/* Begin PBXNativeTarget section */
		04D7727D1C449A3B0066F665 /* XiaoJi小记 */ = {
			isa = PBXNativeTarget;
			buildConfigurationList = 04D772931C449A3B0066F665 /* Build configuration list for PBXNativeTarget "XiaoJi小记" */;
			buildPhases = (
				04D7727A1C449A3B0066F665 /* Sources */,
				04D7727B1C449A3B0066F665 /* Frameworks */,
				04D7727C1C449A3B0066F665 /* Resources */,
			);
			buildRules = (
			);
			dependencies = (
			);
			name = "XiaoJi小记";
			productName = "XiaoJi小记";
			productReference = 04D7727E1C449A3B0066F665 /* XiaoJi小记.app */;
			productType = "com.apple.product-type.application";
		};
/* End PBXNativeTarget section */

/* Begin PBXProject section */
		04D772761C449A3B0066F665 /* Project object */ = {
			isa = PBXProject;
			attributes = {
				LastUpgradeCheck = 0700;
				ORGANIZATIONNAME = ZJY;
				TargetAttributes = {
					04D7727D1C449A3B0066F665 = {
						CreatedOnToolsVersion = 7.0;
						DevelopmentTeam = VDFB5U7XN4;
					};
				};
			};
			buildConfigurationList = 04D772791C449A3B0066F665 /* Build configuration list for PBXProject "XiaoJi小记" */;
			compatibilityVersion = "Xcode 3.2";
			developmentRegion = English;
			hasScannedForEncodings = 0;
			knownRegions = (
				en,
				Base,
			);
			mainGroup = 04D772751C449A3B0066F665;
			productRefGroup = 04D7727F1C449A3B0066F665 /* Products */;
			projectDirPath = "";
			projectRoot = "";
			targets = (
				04D7727D1C449A3B0066F665 /* XiaoJi小记 */,
			);
		};
/* End PBXProject section */

/* Begin PBXResourcesBuildPhase section */
		04D7727C1C449A3B0066F665 /* Resources */ = {
			isa = PBXResourcesBuildPhase;
			buildActionMask = 2147483647;
			files = (
				04D7728F1C449A3B0066F665 /* LaunchScreen.storyboard in Resources */,
				04D7728C1C449A3B0066F665 /* Assets.xcassets in Resources */,
				04D772871C449A3B0066F665 /* Main.storyboard in Resources */,
			);
			runOnlyForDeploymentPostprocessing = 0;
		};
/* End PBXResourcesBuildPhase section */

/* Begin PBXSourcesBuildPhase section */
		04D7727A1C449A3B0066F665 /* Sources */ = {
			isa = PBXSourcesBuildPhase;
			buildActionMask = 2147483647;
			files = (
				04D772841C449A3B0066F665 /* ViewController.swift in Sources */,
				04D7728A1C449A3B0066F665 /* XiaoJi__.xcdatamodeld in Sources */,
				04D772821C449A3B0066F665 /* AppDelegate.swift in Sources */,
			);
			runOnlyForDeploymentPostprocessing = 0;
		};
/* End PBXSourcesBuildPhase section */

/* Begin PBXVariantGroup section */
		04D772851C449A3B0066F665 /* Main.storyboard */ = {
			isa = PBXVariantGroup;
			children = (
				04D772861C449A3B0066F665 /* Base */,
			);
			name = Main.storyboard;
			sourceTree = "<group>";
		};
		04D7728D1C449A3B0066F665 /* LaunchScreen.storyboard */ = {
			isa = PBXVariantGroup;
			children = (
				04D7728E1C449A3B0066F665 /* Base */,
			);
			name = LaunchScreen.storyboard;
			sourceTree = "<group>";
		};
/* End PBXVariantGroup section */

/* Begin XCBuildConfiguration section */
		04D772911C449A3B0066F665 /* Debug */ = {
			isa = XCBuildConfiguration;
			buildSettings = {
				ALWAYS_SEARCH_USER_PATHS = NO;
				CLANG_CXX_LANGUAGE_STANDARD = "gnu++0x";
				CLANG_CXX_LIBRARY = "libc++";
				CLANG_ENABLE_MODULES = YES;
				CLANG_ENABLE_OBJC_ARC = YES;
				CLANG_WARN_BOOL_CONVERSION = YES;
				CLANG_WARN_CONSTANT_CONVERSION = YES;
				CLANG_WARN_DIRECT_OBJC_ISA_USAGE = YES_ERROR;
				CLANG_WARN_EMPTY_BODY = YES;
				CLANG_WARN_ENUM_CONVERSION = YES;
				CLANG_WARN_INT_CONVERSION = YES;
				CLANG_WARN_OBJC_ROOT_CLASS = YES_ERROR;
				CLANG_WARN_UNREACHABLE_CODE = YES;
				CLANG_WARN__DUPLICATE_METHOD_MATCH = YES;
				"CODE_SIGN_IDENTITY[sdk=iphoneos*]" = "iPhone Developer";
				COPY_PHASE_STRIP = NO;
				DEBUG_INFORMATION_FORMAT = dwarf;
				ENABLE_STRICT_OBJC_MSGSEND = YES;
				ENABLE_TESTABILITY = YES;
				GCC_C_LANGUAGE_STANDARD = gnu99;
				GCC_DYNAMIC_NO_PIC = NO;
				GCC_NO_COMMON_BLOCKS = YES;
				GCC_OPTIMIZATION_LEVEL = 0;
				GCC_PREPROCESSOR_DEFINITIONS = (
					"DEBUG=1",
					"$(inherited)",
				);
				GCC_WARN_64_TO_32_BIT_CONVERSION = YES;
				GCC_WARN_ABOUT_RETURN_TYPE = YES_ERROR;
				GCC_WARN_UNDECLARED_SELECTOR = YES;
				GCC_WARN_UNINITIALIZED_AUTOS = YES_AGGRESSIVE;
				GCC_WARN_UNUSED_FUNCTION = YES;
				GCC_WARN_UNUSED_VARIABLE = YES;
				IPHONEOS_DEPLOYMENT_TARGET = 9.0;
				MTL_ENABLE_DEBUG_INFO = YES;
				ONLY_ACTIVE_ARCH = YES;
				SDKROOT = iphoneos;
				SWIFT_OPTIMIZATION_LEVEL = "-Onone";
			};
			name = Debug;
		};
		04D772921C449A3B0066F665 /* Release */ = {
			isa = XCBuildConfiguration;
			buildSettings = {
				ALWAYS_SEARCH_USER_PATHS = NO;
				CLANG_CXX_LANGUAGE_STANDARD = "gnu++0x";
				CLANG_CXX_LIBRARY = "libc++";
				CLANG_ENABLE_MODULES = YES;
				CLANG_ENABLE_OBJC_ARC = YES;
				CLANG_WARN_BOOL_CONVERSION = YES;
				CLANG_WARN_CONSTANT_CONVERSION = YES;
				CLANG_WARN_DIRECT_OBJC_ISA_USAGE = YES_ERROR;
				CLANG_WARN_EMPTY_BODY = YES;
				CLANG_WARN_ENUM_CONVERSION = YES;
				CLANG_WARN_INT_CONVERSION = YES;
				CLANG_WARN_OBJC_ROOT_CLASS = YES_ERROR;
				CLANG_WARN_UNREACHABLE_CODE = YES;
				CLANG_WARN__DUPLICATE_METHOD_MATCH = YES;
				"CODE_SIGN_IDENTITY[sdk=iphoneos*]" = "iPhone Developer";
				COPY_PHASE_STRIP = NO;
				DEBUG_INFORMATION_FORMAT = "dwarf-with-dsym";
				ENABLE_NS_ASSERTIONS = NO;
				ENABLE_STRICT_OBJC_MSGSEND = YES;
				GCC_C_LANGUAGE_STANDARD = gnu99;
				GCC_NO_COMMON_BLOCKS = YES;
				GCC_WARN_64_TO_32_BIT_CONVERSION = YES;
				GCC_WARN_ABOUT_RETURN_TYPE = YES_ERROR;
				GCC_WARN_UNDECLARED_SELECTOR = YES;
				GCC_WARN_UNINITIALIZED_AUTOS = YES_AGGRESSIVE;
				GCC_WARN_UNUSED_FUNCTION = YES;
				GCC_WARN_UNUSED_VARIABLE = YES;
				IPHONEOS_DEPLOYMENT_TARGET = 9.0;
				MTL_ENABLE_DEBUG_INFO = NO;
				SDKROOT = iphoneos;
				VALIDATE_PRODUCT = YES;
			};
			name = Release;
		};
		04D772941C449A3B0066F665 /* Debug */ = {
			isa = XCBuildConfiguration;
			buildSettings = {
				ASSETCATALOG_COMPILER_APPICON_NAME = AppIcon;
				INFOPLIST_FILE = "XiaoJi小记/Info.plist";
				LD_RUNPATH_SEARCH_PATHS = "$(inherited) @executable_path/Frameworks";
				PRODUCT_BUNDLE_IDENTIFIER = "com.ZJY.XiaoJi--";
				PRODUCT_NAME = "$(TARGET_NAME)";
			};
			name = Debug;
		};
		04D772951C449A3B0066F665 /* Release */ = {
			isa = XCBuildConfiguration;
			buildSettings = {
				ASSETCATALOG_COMPILER_APPICON_NAME = AppIcon;
				INFOPLIST_FILE = "XiaoJi小记/Info.plist";
				LD_RUNPATH_SEARCH_PATHS = "$(inherited) @executable_path/Frameworks";
				PRODUCT_BUNDLE_IDENTIFIER = "com.ZJY.XiaoJi--";
				PRODUCT_NAME = "$(TARGET_NAME)";
			};
			name = Release;
		};
/* End XCBuildConfiguration section */

/* Begin XCConfigurationList section */
		04D772791C449A3B0066F665 /* Build configuration list for PBXProject "XiaoJi小记" */ = {
			isa = XCConfigurationList;
			buildConfigurations = (
				04D772911C449A3B0066F665 /* Debug */,
				04D772921C449A3B0066F665 /* Release */,
			);
			defaultConfigurationIsVisible = 0;
			defaultConfigurationName = Release;
		};
		04D772931C449A3B0066F665 /* Build configuration list for PBXNativeTarget "XiaoJi小记" */ = {
			isa = XCConfigurationList;
			buildConfigurations = (
				04D772941C449A3B0066F665 /* Debug */,
				04D772951C449A3B0066F665 /* Release */,
			);
			defaultConfigurationIsVisible = 0;
		};
/* End XCConfigurationList section */

/* Begin XCVersionGroup section */
		04D772881C449A3B0066F665 /* XiaoJi__.xcdatamodeld */ = {
			isa = XCVersionGroup;
			children = (
				04D772891C449A3B0066F665 /* XiaoJi__.xcdatamodel */,
			);
			currentVersion = 04D772891C449A3B0066F665 /* XiaoJi__.xcdatamodel */;
			path = XiaoJi__.xcdatamodeld;
			sourceTree = "<group>";
			versionGroupType = wrapper.xcdatamodel;
		};
/* End XCVersionGroup section */
	};
	rootObject = 04D772761C449A3B0066F665 /* Project object */;
}
